// !$*UTF8*$!
{
	archiveVersion = 1;
	classes = {
	};
	objectVersion = 46;
	objects = {

/* Begin PBXBuildFile section */
		2F4A0F941EA8C8C2006FADEA /* Assets.xcassets in Resources */ = {isa = PBXBuildFile; fileRef = 2F4A0F931EA8C8C2006FADEA /* Assets.xcassets */; };
		2F4A0F971EA8C8C2006FADEA /* LaunchScreen.storyboard in Resources */ = {isa = PBXBuildFile; fileRef = 2F4A0F951EA8C8C2006FADEA /* LaunchScreen.storyboard */; };
		2F4A0FA21EA8C8C2006FADEA /* TabsTests.swift in Sources */ = {isa = PBXBuildFile; fileRef = 2F4A0FA11EA8C8C2006FADEA /* TabsTests.swift */; };
		2F4A0FDE1EA8FA59006FADEA /* MainViewController.swift in Sources */ = {isa = PBXBuildFile; fileRef = 2F4A0FD61EA8FA59006FADEA /* MainViewController.swift */; };
		2F4A0FE21EA8FA59006FADEA /* UIView+AutolayoutExtensions.swift in Sources */ = {isa = PBXBuildFile; fileRef = 2F4A0FDB1EA8FA59006FADEA /* UIView+AutolayoutExtensions.swift */; };
		2F4A0FE71EA9045D006FADEA /* UIViewController+Helpers.swift in Sources */ = {isa = PBXBuildFile; fileRef = 2F4A0FE61EA9045D006FADEA /* UIViewController+Helpers.swift */; };
		2F4A0FF51EA906B8006FADEA /* AppDelegate.swift in Sources */ = {isa = PBXBuildFile; fileRef = 2F4A0FF41EA906B8006FADEA /* AppDelegate.swift */; };
		2F77DD6C1EB09DED0028C30B /* TabsComponentViewController.swift in Sources */ = {isa = PBXBuildFile; fileRef = 2F77DD6B1EB09DED0028C30B /* TabsComponentViewController.swift */; };
		2F77DD731EB09DF60028C30B /* TabsChildComponent.swift in Sources */ = {isa = PBXBuildFile; fileRef = 2F77DD6D1EB09DF60028C30B /* TabsChildComponent.swift */; };
		2F77DD741EB09DF60028C30B /* TabsComponentDataSource.swift in Sources */ = {isa = PBXBuildFile; fileRef = 2F77DD6E1EB09DF60028C30B /* TabsComponentDataSource.swift */; };
		2F77DD751EB09DF60028C30B /* TabsComponentDelegate.swift in Sources */ = {isa = PBXBuildFile; fileRef = 2F77DD6F1EB09DF60028C30B /* TabsComponentDelegate.swift */; };
		2F77DD761EB09DF60028C30B /* TabsSelectorComponent.swift in Sources */ = {isa = PBXBuildFile; fileRef = 2F77DD701EB09DF60028C30B /* TabsSelectorComponent.swift */; };
		2F77DD771EB09DF60028C30B /* TabsSelectorDelegate.swift in Sources */ = {isa = PBXBuildFile; fileRef = 2F77DD711EB09DF60028C30B /* TabsSelectorDelegate.swift */; };
		2F77DD781EB09DF60028C30B /* TabsTopComponent.swift in Sources */ = {isa = PBXBuildFile; fileRef = 2F77DD721EB09DF60028C30B /* TabsTopComponent.swift */; };
		2F77DD891EB0A2400028C30B /* SelectorViewController.swift in Sources */ = {isa = PBXBuildFile; fileRef = 2F77DD801EB0A2400028C30B /* SelectorViewController.swift */; };
		2F77DD8A1EB0A2400028C30B /* Tab1CollectionViewCell.swift in Sources */ = {isa = PBXBuildFile; fileRef = 2F77DD831EB0A2400028C30B /* Tab1CollectionViewCell.swift */; };
		2F77DD8B1EB0A2400028C30B /* Tab1ViewController.swift in Sources */ = {isa = PBXBuildFile; fileRef = 2F77DD841EB0A2400028C30B /* Tab1ViewController.swift */; };
		2F77DD8C1EB0A2400028C30B /* Tab2ViewController.swift in Sources */ = {isa = PBXBuildFile; fileRef = 2F77DD861EB0A2400028C30B /* Tab2ViewController.swift */; };
		2F77DD8D1EB0A2400028C30B /* TopViewController.swift in Sources */ = {isa = PBXBuildFile; fileRef = 2F77DD881EB0A2400028C30B /* TopViewController.swift */; };
/* End PBXBuildFile section */

/* Begin PBXContainerItemProxy section */
		2F4A0F9E1EA8C8C2006FADEA /* PBXContainerItemProxy */ = {
			isa = PBXContainerItemProxy;
			containerPortal = 2F4A0F811EA8C8C2006FADEA /* Project object */;
			proxyType = 1;
			remoteGlobalIDString = 2F4A0F881EA8C8C2006FADEA;
			remoteInfo = Tabs;
		};
/* End PBXContainerItemProxy section */

/* Begin PBXFileReference section */
		2F4A0F891EA8C8C2006FADEA /* Tabs.app */ = {isa = PBXFileReference; explicitFileType = wrapper.application; includeInIndex = 0; path = Tabs.app; sourceTree = BUILT_PRODUCTS_DIR; };
		2F4A0F931EA8C8C2006FADEA /* Assets.xcassets */ = {isa = PBXFileReference; lastKnownFileType = folder.assetcatalog; path = Assets.xcassets; sourceTree = "<group>"; };
		2F4A0F961EA8C8C2006FADEA /* Base */ = {isa = PBXFileReference; lastKnownFileType = file.storyboard; name = Base; path = Base.lproj/LaunchScreen.storyboard; sourceTree = "<group>"; };
		2F4A0F981EA8C8C2006FADEA /* Info.plist */ = {isa = PBXFileReference; lastKnownFileType = text.plist.xml; path = Info.plist; sourceTree = "<group>"; };
		2F4A0F9D1EA8C8C2006FADEA /* TabsTests.xctest */ = {isa = PBXFileReference; explicitFileType = wrapper.cfbundle; includeInIndex = 0; path = TabsTests.xctest; sourceTree = BUILT_PRODUCTS_DIR; };
		2F4A0FA11EA8C8C2006FADEA /* TabsTests.swift */ = {isa = PBXFileReference; lastKnownFileType = sourcecode.swift; path = TabsTests.swift; sourceTree = "<group>"; };
		2F4A0FA31EA8C8C2006FADEA /* Info.plist */ = {isa = PBXFileReference; lastKnownFileType = text.plist.xml; path = Info.plist; sourceTree = "<group>"; };
		2F4A0FD61EA8FA59006FADEA /* MainViewController.swift */ = {isa = PBXFileReference; fileEncoding = 4; lastKnownFileType = sourcecode.swift; path = MainViewController.swift; sourceTree = "<group>"; };
		2F4A0FDB1EA8FA59006FADEA /* UIView+AutolayoutExtensions.swift */ = {isa = PBXFileReference; fileEncoding = 4; lastKnownFileType = sourcecode.swift; path = "UIView+AutolayoutExtensions.swift"; sourceTree = "<group>"; };
		2F4A0FE61EA9045D006FADEA /* UIViewController+Helpers.swift */ = {isa = PBXFileReference; fileEncoding = 4; lastKnownFileType = sourcecode.swift; path = "UIViewController+Helpers.swift"; sourceTree = "<group>"; };
		2F4A0FF41EA906B8006FADEA /* AppDelegate.swift */ = {isa = PBXFileReference; fileEncoding = 4; lastKnownFileType = sourcecode.swift; path = AppDelegate.swift; sourceTree = "<group>"; };
		2F77DD6B1EB09DED0028C30B /* TabsComponentViewController.swift */ = {isa = PBXFileReference; fileEncoding = 4; lastKnownFileType = sourcecode.swift; path = TabsComponentViewController.swift; sourceTree = "<group>"; };
		2F77DD6D1EB09DF60028C30B /* TabsChildComponent.swift */ = {isa = PBXFileReference; fileEncoding = 4; lastKnownFileType = sourcecode.swift; path = TabsChildComponent.swift; sourceTree = "<group>"; };
		2F77DD6E1EB09DF60028C30B /* TabsComponentDataSource.swift */ = {isa = PBXFileReference; fileEncoding = 4; lastKnownFileType = sourcecode.swift; path = TabsComponentDataSource.swift; sourceTree = "<group>"; };
		2F77DD6F1EB09DF60028C30B /* TabsComponentDelegate.swift */ = {isa = PBXFileReference; fileEncoding = 4; lastKnownFileType = sourcecode.swift; path = TabsComponentDelegate.swift; sourceTree = "<group>"; };
		2F77DD701EB09DF60028C30B /* TabsSelectorComponent.swift */ = {isa = PBXFileReference; fileEncoding = 4; lastKnownFileType = sourcecode.swift; path = TabsSelectorComponent.swift; sourceTree = "<group>"; };
		2F77DD711EB09DF60028C30B /* TabsSelectorDelegate.swift */ = {isa = PBXFileReference; fileEncoding = 4; lastKnownFileType = sourcecode.swift; path = TabsSelectorDelegate.swift; sourceTree = "<group>"; };
		2F77DD721EB09DF60028C30B /* TabsTopComponent.swift */ = {isa = PBXFileReference; fileEncoding = 4; lastKnownFileType = sourcecode.swift; path = TabsTopComponent.swift; sourceTree = "<group>"; };
		2F77DD801EB0A2400028C30B /* SelectorViewController.swift */ = {isa = PBXFileReference; fileEncoding = 4; lastKnownFileType = sourcecode.swift; path = SelectorViewController.swift; sourceTree = "<group>"; };
		2F77DD831EB0A2400028C30B /* Tab1CollectionViewCell.swift */ = {isa = PBXFileReference; fileEncoding = 4; lastKnownFileType = sourcecode.swift; path = Tab1CollectionViewCell.swift; sourceTree = "<group>"; };
		2F77DD841EB0A2400028C30B /* Tab1ViewController.swift */ = {isa = PBXFileReference; fileEncoding = 4; lastKnownFileType = sourcecode.swift; path = Tab1ViewController.swift; sourceTree = "<group>"; };
		2F77DD861EB0A2400028C30B /* Tab2ViewController.swift */ = {isa = PBXFileReference; fileEncoding = 4; lastKnownFileType = sourcecode.swift; path = Tab2ViewController.swift; sourceTree = "<group>"; };
		2F77DD881EB0A2400028C30B /* TopViewController.swift */ = {isa = PBXFileReference; fileEncoding = 4; lastKnownFileType = sourcecode.swift; path = TopViewController.swift; sourceTree = "<group>"; };
/* End PBXFileReference section */

/* Begin PBXFrameworksBuildPhase section */
		2F4A0F861EA8C8C2006FADEA /* Frameworks */ = {
			isa = PBXFrameworksBuildPhase;
			buildActionMask = 2147483647;
			files = (
			);
			runOnlyForDeploymentPostprocessing = 0;
		};
		2F4A0F9A1EA8C8C2006FADEA /* Frameworks */ = {
			isa = PBXFrameworksBuildPhase;
			buildActionMask = 2147483647;
			files = (
			);
			runOnlyForDeploymentPostprocessing = 0;
		};
/* End PBXFrameworksBuildPhase section */

/* Begin PBXGroup section */
		2F4A0F801EA8C8C2006FADEA = {
			isa = PBXGroup;
			children = (
				2F4A0F8B1EA8C8C2006FADEA /* Tabs */,
				2F4A0FA01EA8C8C2006FADEA /* TabsTests */,
				2F4A0F8A1EA8C8C2006FADEA /* Products */,
			);
			sourceTree = "<group>";
		};
		2F4A0F8A1EA8C8C2006FADEA /* Products */ = {
			isa = PBXGroup;
			children = (
				2F4A0F891EA8C8C2006FADEA /* Tabs.app */,
				2F4A0F9D1EA8C8C2006FADEA /* TabsTests.xctest */,
			);
			name = Products;
			sourceTree = "<group>";
		};
		2F4A0F8B1EA8C8C2006FADEA /* Tabs */ = {
			isa = PBXGroup;
			children = (
				2F4A0FF41EA906B8006FADEA /* AppDelegate.swift */,
				2F4A0FD41EA8FA59006FADEA /* Controllers */,
				2F4A0FDA1EA8FA59006FADEA /* Extensions */,
				2F4A0FDC1EA8FA59006FADEA /* Protocols */,
				2F4A0F931EA8C8C2006FADEA /* Assets.xcassets */,
				2F4A0F951EA8C8C2006FADEA /* LaunchScreen.storyboard */,
				2F4A0F981EA8C8C2006FADEA /* Info.plist */,
			);
			path = Tabs;
			sourceTree = "<group>";
		};
		2F4A0FA01EA8C8C2006FADEA /* TabsTests */ = {
			isa = PBXGroup;
			children = (
				2F4A0FA11EA8C8C2006FADEA /* TabsTests.swift */,
				2F4A0FA31EA8C8C2006FADEA /* Info.plist */,
			);
			path = TabsTests;
			sourceTree = "<group>";
		};
		2F4A0FD41EA8FA59006FADEA /* Controllers */ = {
			isa = PBXGroup;
			children = (
				2F4A0FD61EA8FA59006FADEA /* MainViewController.swift */,
				2F77DD7F1EB0A2400028C30B /* Selector */,
				2F77DD811EB0A2400028C30B /* Tabs */,
				2F77DD871EB0A2400028C30B /* Top */,
				2F77DD6B1EB09DED0028C30B /* TabsComponentViewController.swift */,
			);
			path = Controllers;
			sourceTree = "<group>";
		};
		2F4A0FDA1EA8FA59006FADEA /* Extensions */ = {
			isa = PBXGroup;
			children = (
				2F4A0FDB1EA8FA59006FADEA /* UIView+AutolayoutExtensions.swift */,
				2F4A0FE61EA9045D006FADEA /* UIViewController+Helpers.swift */,
			);
			path = Extensions;
			sourceTree = "<group>";
		};
		2F4A0FDC1EA8FA59006FADEA /* Protocols */ = {
			isa = PBXGroup;
			children = (
				2F77DD6D1EB09DF60028C30B /* TabsChildComponent.swift */,
				2F77DD6E1EB09DF60028C30B /* TabsComponentDataSource.swift */,
				2F77DD6F1EB09DF60028C30B /* TabsComponentDelegate.swift */,
				2F77DD701EB09DF60028C30B /* TabsSelectorComponent.swift */,
				2F77DD711EB09DF60028C30B /* TabsSelectorDelegate.swift */,
				2F77DD721EB09DF60028C30B /* TabsTopComponent.swift */,
			);
			path = Protocols;
			sourceTree = "<group>";
		};
		2F77DD7F1EB0A2400028C30B /* Selector */ = {
			isa = PBXGroup;
			children = (
				2F77DD801EB0A2400028C30B /* SelectorViewController.swift */,
			);
			path = Selector;
			sourceTree = "<group>";
		};
		2F77DD811EB0A2400028C30B /* Tabs */ = {
			isa = PBXGroup;
			children = (
				2F77DD821EB0A2400028C30B /* Tab1 */,
				2F77DD851EB0A2400028C30B /* Tab2 */,
			);
			path = Tabs;
			sourceTree = "<group>";
		};
		2F77DD821EB0A2400028C30B /* Tab1 */ = {
			isa = PBXGroup;
			children = (
				2F77DD831EB0A2400028C30B /* Tab1CollectionViewCell.swift */,
				2F77DD841EB0A2400028C30B /* Tab1ViewController.swift */,
			);
			path = Tab1;
			sourceTree = "<group>";
		};
		2F77DD851EB0A2400028C30B /* Tab2 */ = {
			isa = PBXGroup;
			children = (
				2F77DD861EB0A2400028C30B /* Tab2ViewController.swift */,
			);
			path = Tab2;
			sourceTree = "<group>";
		};
		2F77DD871EB0A2400028C30B /* Top */ = {
			isa = PBXGroup;
			children = (
				2F77DD881EB0A2400028C30B /* TopViewController.swift */,
			);
			path = Top;
			sourceTree = "<group>";
		};
/* End PBXGroup section */

/* Begin PBXNativeTarget section */
		2F4A0F881EA8C8C2006FADEA /* Tabs */ = {
			isa = PBXNativeTarget;
			buildConfigurationList = 2F4A0FA61EA8C8C2006FADEA /* Build configuration list for PBXNativeTarget "Tabs" */;
			buildPhases = (
				2F4A0F851EA8C8C2006FADEA /* Sources */,
				2F4A0F861EA8C8C2006FADEA /* Frameworks */,
				2F4A0F871EA8C8C2006FADEA /* Resources */,
			);
			buildRules = (
			);
			dependencies = (
			);
			name = Tabs;
			productName = Tabs;
			productReference = 2F4A0F891EA8C8C2006FADEA /* Tabs.app */;
			productType = "com.apple.product-type.application";
		};
		2F4A0F9C1EA8C8C2006FADEA /* TabsTests */ = {
			isa = PBXNativeTarget;
			buildConfigurationList = 2F4A0FA91EA8C8C2006FADEA /* Build configuration list for PBXNativeTarget "TabsTests" */;
			buildPhases = (
				2F4A0F991EA8C8C2006FADEA /* Sources */,
				2F4A0F9A1EA8C8C2006FADEA /* Frameworks */,
				2F4A0F9B1EA8C8C2006FADEA /* Resources */,
			);
			buildRules = (
			);
			dependencies = (
				2F4A0F9F1EA8C8C2006FADEA /* PBXTargetDependency */,
			);
			name = TabsTests;
			productName = TabsTests;
			productReference = 2F4A0F9D1EA8C8C2006FADEA /* TabsTests.xctest */;
			productType = "com.apple.product-type.bundle.unit-test";
		};
/* End PBXNativeTarget section */

/* Begin PBXProject section */
		2F4A0F811EA8C8C2006FADEA /* Project object */ = {
			isa = PBXProject;
			attributes = {
				LastSwiftUpdateCheck = 0830;
				LastUpgradeCheck = 0830;
				ORGANIZATIONNAME = "Castano, Andres";
				TargetAttributes = {
					2F4A0F881EA8C8C2006FADEA = {
						CreatedOnToolsVersion = 8.3.2;
						DevelopmentTeam = D9FQ8TX4HK;
						LastSwiftMigration = 0830;
						ProvisioningStyle = Automatic;
					};
					2F4A0F9C1EA8C8C2006FADEA = {
						CreatedOnToolsVersion = 8.3.2;
						ProvisioningStyle = Automatic;
						TestTargetID = 2F4A0F881EA8C8C2006FADEA;
					};
				};
			};
			buildConfigurationList = 2F4A0F841EA8C8C2006FADEA /* Build configuration list for PBXProject "Tabs" */;
			compatibilityVersion = "Xcode 3.2";
			developmentRegion = English;
			hasScannedForEncodings = 0;
			knownRegions = (
				en,
				Base,
			);
			mainGroup = 2F4A0F801EA8C8C2006FADEA;
			productRefGroup = 2F4A0F8A1EA8C8C2006FADEA /* Products */;
			projectDirPath = "";
			projectRoot = "";
			targets = (
				2F4A0F881EA8C8C2006FADEA /* Tabs */,
				2F4A0F9C1EA8C8C2006FADEA /* TabsTests */,
			);
		};
/* End PBXProject section */

/* Begin PBXResourcesBuildPhase section */
		2F4A0F871EA8C8C2006FADEA /* Resources */ = {
			isa = PBXResourcesBuildPhase;
			buildActionMask = 2147483647;
			files = (
				2F4A0F971EA8C8C2006FADEA /* LaunchScreen.storyboard in Resources */,
				2F4A0F941EA8C8C2006FADEA /* Assets.xcassets in Resources */,
			);
			runOnlyForDeploymentPostprocessing = 0;
		};
		2F4A0F9B1EA8C8C2006FADEA /* Resources */ = {
			isa = PBXResourcesBuildPhase;
			buildActionMask = 2147483647;
			files = (
			);
			runOnlyForDeploymentPostprocessing = 0;
		};
/* End PBXResourcesBuildPhase section */

/* Begin PBXSourcesBuildPhase section */
		2F4A0F851EA8C8C2006FADEA /* Sources */ = {
			isa = PBXSourcesBuildPhase;
			buildActionMask = 2147483647;
			files = (
				2F77DD8B1EB0A2400028C30B /* Tab1ViewController.swift in Sources */,
				2F77DD751EB09DF60028C30B /* TabsComponentDelegate.swift in Sources */,
				2F77DD771EB09DF60028C30B /* TabsSelectorDelegate.swift in Sources */,
				2F77DD6C1EB09DED0028C30B /* TabsComponentViewController.swift in Sources */,
				2F77DD8D1EB0A2400028C30B /* TopViewController.swift in Sources */,
				2F77DD741EB09DF60028C30B /* TabsComponentDataSource.swift in Sources */,
				2F4A0FF51EA906B8006FADEA /* AppDelegate.swift in Sources */,
				2F4A0FE71EA9045D006FADEA /* UIViewController+Helpers.swift in Sources */,
				2F77DD731EB09DF60028C30B /* TabsChildComponent.swift in Sources */,
				2F77DD8C1EB0A2400028C30B /* Tab2ViewController.swift in Sources */,
				2F4A0FE21EA8FA59006FADEA /* UIView+AutolayoutExtensions.swift in Sources */,
				2F4A0FDE1EA8FA59006FADEA /* MainViewController.swift in Sources */,
				2F77DD781EB09DF60028C30B /* TabsTopComponent.swift in Sources */,
				2F77DD8A1EB0A2400028C30B /* Tab1CollectionViewCell.swift in Sources */,
				2F77DD761EB09DF60028C30B /* TabsSelectorComponent.swift in Sources */,
				2F77DD891EB0A2400028C30B /* SelectorViewController.swift in Sources */,
			);
			runOnlyForDeploymentPostprocessing = 0;
		};
		2F4A0F991EA8C8C2006FADEA /* Sources */ = {
			isa = PBXSourcesBuildPhase;
			buildActionMask = 2147483647;
			files = (
				2F4A0FA21EA8C8C2006FADEA /* TabsTests.swift in Sources */,
			);
			runOnlyForDeploymentPostprocessing = 0;
		};
/* End PBXSourcesBuildPhase section */

/* Begin PBXTargetDependency section */
		2F4A0F9F1EA8C8C2006FADEA /* PBXTargetDependency */ = {
			isa = PBXTargetDependency;
			target = 2F4A0F881EA8C8C2006FADEA /* Tabs */;
			targetProxy = 2F4A0F9E1EA8C8C2006FADEA /* PBXContainerItemProxy */;
		};
/* End PBXTargetDependency section */

/* Begin PBXVariantGroup section */
		2F4A0F951EA8C8C2006FADEA /* LaunchScreen.storyboard */ = {
			isa = PBXVariantGroup;
			children = (
				2F4A0F961EA8C8C2006FADEA /* Base */,
			);
			name = LaunchScreen.storyboard;
			sourceTree = "<group>";
		};
/* End PBXVariantGroup section */

/* Begin XCBuildConfiguration section */
		2F4A0FA41EA8C8C2006FADEA /* Debug */ = {
			isa = XCBuildConfiguration;
			buildSettings = {
				ALWAYS_SEARCH_USER_PATHS = NO;
				CLANG_ANALYZER_NONNULL = YES;
				CLANG_ANALYZER_NUMBER_OBJECT_CONVERSION = YES_AGGRESSIVE;
				CLANG_CXX_LANGUAGE_STANDARD = "gnu++0x";
				CLANG_CXX_LIBRARY = "libc++";
				CLANG_ENABLE_MODULES = YES;
				CLANG_ENABLE_OBJC_ARC = YES;
				CLANG_WARN_BOOL_CONVERSION = YES;
				CLANG_WARN_CONSTANT_CONVERSION = YES;
				CLANG_WARN_DIRECT_OBJC_ISA_USAGE = YES_ERROR;
				CLANG_WARN_DOCUMENTATION_COMMENTS = YES;
				CLANG_WARN_EMPTY_BODY = YES;
				CLANG_WARN_ENUM_CONVERSION = YES;
				CLANG_WARN_INFINITE_RECURSION = YES;
				CLANG_WARN_INT_CONVERSION = YES;
				CLANG_WARN_OBJC_ROOT_CLASS = YES_ERROR;
				CLANG_WARN_SUSPICIOUS_MOVE = YES;
				CLANG_WARN_UNREACHABLE_CODE = YES;
				CLANG_WARN__DUPLICATE_METHOD_MATCH = YES;
				"CODE_SIGN_IDENTITY[sdk=iphoneos*]" = "iPhone Developer";
				COPY_PHASE_STRIP = NO;
				DEBUG_INFORMATION_FORMAT = dwarf;
				ENABLE_STRICT_OBJC_MSGSEND = YES;
				ENABLE_TESTABILITY = YES;
				GCC_C_LANGUAGE_STANDARD = gnu99;
				GCC_DYNAMIC_NO_PIC = NO;
				GCC_NO_COMMON_BLOCKS = YES;
				GCC_OPTIMIZATION_LEVEL = 0;
				GCC_PREPROCESSOR_DEFINITIONS = (
					"DEBUG=1",
					"$(inherited)",
				);
				GCC_WARN_64_TO_32_BIT_CONVERSION = YES;
				GCC_WARN_ABOUT_RETURN_TYPE = YES_ERROR;
				GCC_WARN_UNDECLARED_SELECTOR = YES;
				GCC_WARN_UNINITIALIZED_AUTOS = YES_AGGRESSIVE;
				GCC_WARN_UNUSED_FUNCTION = YES;
				GCC_WARN_UNUSED_VARIABLE = YES;
				IPHONEOS_DEPLOYMENT_TARGET = 10.3;
				MTL_ENABLE_DEBUG_INFO = YES;
				ONLY_ACTIVE_ARCH = YES;
				SDKROOT = iphoneos;
				SWIFT_ACTIVE_COMPILATION_CONDITIONS = DEBUG;
				SWIFT_OPTIMIZATION_LEVEL = "-Onone";
			};
			name = Debug;
		};
		2F4A0FA51EA8C8C2006FADEA /* Release */ = {
			isa = XCBuildConfiguration;
			buildSettings = {
				ALWAYS_SEARCH_USER_PATHS = NO;
				CLANG_ANALYZER_NONNULL = YES;
				CLANG_ANALYZER_NUMBER_OBJECT_CONVERSION = YES_AGGRESSIVE;
				CLANG_CXX_LANGUAGE_STANDARD = "gnu++0x";
				CLANG_CXX_LIBRARY = "libc++";
				CLANG_ENABLE_MODULES = YES;
				CLANG_ENABLE_OBJC_ARC = YES;
				CLANG_WARN_BOOL_CONVERSION = YES;
				CLANG_WARN_CONSTANT_CONVERSION = YES;
				CLANG_WARN_DIRECT_OBJC_ISA_USAGE = YES_ERROR;
				CLANG_WARN_DOCUMENTATION_COMMENTS = YES;
				CLANG_WARN_EMPTY_BODY = YES;
				CLANG_WARN_ENUM_CONVERSION = YES;
				CLANG_WARN_INFINITE_RECURSION = YES;
				CLANG_WARN_INT_CONVERSION = YES;
				CLANG_WARN_OBJC_ROOT_CLASS = YES_ERROR;
				CLANG_WARN_SUSPICIOUS_MOVE = YES;
				CLANG_WARN_UNREACHABLE_CODE = YES;
				CLANG_WARN__DUPLICATE_METHOD_MATCH = YES;
				"CODE_SIGN_IDENTITY[sdk=iphoneos*]" = "iPhone Developer";
				COPY_PHASE_STRIP = NO;
				DEBUG_INFORMATION_FORMAT = "dwarf-with-dsym";
				ENABLE_NS_ASSERTIONS = NO;
				ENABLE_STRICT_OBJC_MSGSEND = YES;
				GCC_C_LANGUAGE_STANDARD = gnu99;
				GCC_NO_COMMON_BLOCKS = YES;
				GCC_WARN_64_TO_32_BIT_CONVERSION = YES;
				GCC_WARN_ABOUT_RETURN_TYPE = YES_ERROR;
				GCC_WARN_UNDECLARED_SELECTOR = YES;
				GCC_WARN_UNINITIALIZED_AUTOS = YES_AGGRESSIVE;
				GCC_WARN_UNUSED_FUNCTION = YES;
				GCC_WARN_UNUSED_VARIABLE = YES;
				IPHONEOS_DEPLOYMENT_TARGET = 10.3;
				MTL_ENABLE_DEBUG_INFO = NO;
				SDKROOT = iphoneos;
				SWIFT_OPTIMIZATION_LEVEL = "-Owholemodule";
				VALIDATE_PRODUCT = YES;
			};
			name = Release;
		};
		2F4A0FA71EA8C8C2006FADEA /* Debug */ = {
			isa = XCBuildConfiguration;
			buildSettings = {
				ASSETCATALOG_COMPILER_APPICON_NAME = AppIcon;
				CLANG_ENABLE_MODULES = YES;
				DEVELOPMENT_TEAM = D9FQ8TX4HK;
				INFOPLIST_FILE = Tabs/Info.plist;
				LD_RUNPATH_SEARCH_PATHS = "$(inherited) @executable_path/Frameworks";
				PRODUCT_BUNDLE_IDENTIFIER = com.andrescastano.Tabs;
				PRODUCT_NAME = "$(TARGET_NAME)";
				SWIFT_OPTIMIZATION_LEVEL = "-Onone";
				SWIFT_VERSION = 3.0;
			};
			name = Debug;
		};
		2F4A0FA81EA8C8C2006FADEA /* Release */ = {
			isa = XCBuildConfiguration;
			buildSettings = {
				ASSETCATALOG_COMPILER_APPICON_NAME = AppIcon;
				CLANG_ENABLE_MODULES = YES;
				DEVELOPMENT_TEAM = D9FQ8TX4HK;
				INFOPLIST_FILE = Tabs/Info.plist;
				LD_RUNPATH_SEARCH_PATHS = "$(inherited) @executable_path/Frameworks";
				PRODUCT_BUNDLE_IDENTIFIER = com.andrescastano.Tabs;
				PRODUCT_NAME = "$(TARGET_NAME)";
				SWIFT_VERSION = 3.0;
			};
			name = Release;
		};
		2F4A0FAA1EA8C8C2006FADEA /* Debug */ = {
			isa = XCBuildConfiguration;
			buildSettings = {
				ALWAYS_EMBED_SWIFT_STANDARD_LIBRARIES = YES;
				BUNDLE_LOADER = "$(TEST_HOST)";
				INFOPLIST_FILE = TabsTests/Info.plist;
				LD_RUNPATH_SEARCH_PATHS = "$(inherited) @executable_path/Frameworks @loader_path/Frameworks";
				PRODUCT_BUNDLE_IDENTIFIER = com.andrescastano.TabsTests;
				PRODUCT_NAME = "$(TARGET_NAME)";
				SWIFT_VERSION = 3.0;
				TEST_HOST = "$(BUILT_PRODUCTS_DIR)/Tabs.app/Tabs";
			};
			name = Debug;
		};
		2F4A0FAB1EA8C8C2006FADEA /* Release */ = {
			isa = XCBuildConfiguration;
			buildSettings = {
				ALWAYS_EMBED_SWIFT_STANDARD_LIBRARIES = YES;
				BUNDLE_LOADER = "$(TEST_HOST)";
				INFOPLIST_FILE = TabsTests/Info.plist;
				LD_RUNPATH_SEARCH_PATHS = "$(inherited) @executable_path/Frameworks @loader_path/Frameworks";
				PRODUCT_BUNDLE_IDENTIFIER = com.andrescastano.TabsTests;
				PRODUCT_NAME = "$(TARGET_NAME)";
				SWIFT_VERSION = 3.0;
				TEST_HOST = "$(BUILT_PRODUCTS_DIR)/Tabs.app/Tabs";
			};
			name = Release;
		};
/* End XCBuildConfiguration section */

/* Begin XCConfigurationList section */
		2F4A0F841EA8C8C2006FADEA /* Build configuration list for PBXProject "Tabs" */ = {
			isa = XCConfigurationList;
			buildConfigurations = (
				2F4A0FA41EA8C8C2006FADEA /* Debug */,
				2F4A0FA51EA8C8C2006FADEA /* Release */,
			);
			defaultConfigurationIsVisible = 0;
			defaultConfigurationName = Release;
		};
		2F4A0FA61EA8C8C2006FADEA /* Build configuration list for PBXNativeTarget "Tabs" */ = {
			isa = XCConfigurationList;
			buildConfigurations = (
				2F4A0FA71EA8C8C2006FADEA /* Debug */,
				2F4A0FA81EA8C8C2006FADEA /* Release */,
			);
			defaultConfigurationIsVisible = 0;
			defaultConfigurationName = Release;
		};
		2F4A0FA91EA8C8C2006FADEA /* Build configuration list for PBXNativeTarget "TabsTests" */ = {
			isa = XCConfigurationList;
			buildConfigurations = (
				2F4A0FAA1EA8C8C2006FADEA /* Debug */,
				2F4A0FAB1EA8C8C2006FADEA /* Release */,
			);
			defaultConfigurationIsVisible = 0;
			defaultConfigurationName = Release;
		};
/* End XCConfigurationList section */
	};
	rootObject = 2F4A0F811EA8C8C2006FADEA /* Project object */;
}
